
Microsoft Visual Studio Solution File, Format Version 12.00
# Visual Studio Version 16
VisualStudioVersion = 16.0.33423.256
MinimumVisualStudioVersion = 10.0.40219.1
Project("{FAE04EC0-301F-11D3-BF4B-00C04F79EFBC}") = "VisualStudioHTMLSubmissionAssignment", "VisualStudioHTMLSubmissionAssignment\VisualStudioHTMLSubmissionAssignment.csproj", "{B733CB10-5EF6-47D4-B5BC-3357F4FCECE3}"
EndProject
Global
	GlobalSection(SolutionConfigurationPlatforms) = preSolution
		Debug|Any CPU = Debug|Any CPU
		Release|Any CPU = Release|Any CPU
	EndGlobalSection
	GlobalSection(ProjectConfigurationPlatforms) = postSolution
		{B733CB10-5EF6-47D4-B5BC-3357F4FCECE3}.Debug|Any CPU.ActiveCfg = Debug|Any CPU
		{B733CB10-5EF6-47D4-B5BC-3357F4FCECE3}.Debug|Any CPU.Build.0 = Debug|Any CPU
		{B733CB10-5EF6-47D4-B5BC-3357F4FCECE3}.Release|Any CPU.ActiveCfg = Release|Any CPU
		{B733CB10-5EF6-47D4-B5BC-3357F4FCECE3}.Release|Any CPU.Build.0 = Release|Any CPU
	EndGlobalSection
	GlobalSection(SolutionProperties) = preSolution
		HideSolutionNode = FALSE
	EndGlobalSection
	GlobalSection(ExtensibilityGlobals) = postSolution
		SolutionGuid = {E0BD8E68-9098-4B6C-89CA-B74B8CB18438}
	EndGlobalSection
EndGlobal
